// !$*UTF8*$!
{
	archiveVersion = 1;
	classes = {
	};
	objectVersion = 55;
	objects = {

/* Begin PBXBuildFile section */
		9177A4C928D45D1100783B64 /* CustomTableViewCell.swift in Sources */ = {isa = PBXBuildFile; fileRef = 9177A4C828D45D1100783B64 /* CustomTableViewCell.swift */; };
		9177A4CE28D463EC00783B64 /* SecondViewController.swift in Sources */ = {isa = PBXBuildFile; fileRef = 9177A4CD28D463EC00783B64 /* SecondViewController.swift */; };
		9177A4D128D4729A00783B64 /* UIImage+Ext.swift in Sources */ = {isa = PBXBuildFile; fileRef = 9177A4D028D4729A00783B64 /* UIImage+Ext.swift */; };
		918A02D228D455F3006581AA /* AppDelegate.swift in Sources */ = {isa = PBXBuildFile; fileRef = 918A02D128D455F3006581AA /* AppDelegate.swift */; };
		918A02D428D455F3006581AA /* SceneDelegate.swift in Sources */ = {isa = PBXBuildFile; fileRef = 918A02D328D455F3006581AA /* SceneDelegate.swift */; };
		918A02D628D455F3006581AA /* ViewController.swift in Sources */ = {isa = PBXBuildFile; fileRef = 918A02D528D455F3006581AA /* ViewController.swift */; };
		918A02D928D455F3006581AA /* Main.storyboard in Resources */ = {isa = PBXBuildFile; fileRef = 918A02D728D455F3006581AA /* Main.storyboard */; };
		918A02DB28D455F6006581AA /* Assets.xcassets in Resources */ = {isa = PBXBuildFile; fileRef = 918A02DA28D455F6006581AA /* Assets.xcassets */; };
		918A02DE28D455F6006581AA /* LaunchScreen.storyboard in Resources */ = {isa = PBXBuildFile; fileRef = 918A02DC28D455F6006581AA /* LaunchScreen.storyboard */; };
/* End PBXBuildFile section */

/* Begin PBXFileReference section */
		9177A4C828D45D1100783B64 /* CustomTableViewCell.swift */ = {isa = PBXFileReference; lastKnownFileType = sourcecode.swift; path = CustomTableViewCell.swift; sourceTree = "<group>"; };
		9177A4CD28D463EC00783B64 /* SecondViewController.swift */ = {isa = PBXFileReference; lastKnownFileType = sourcecode.swift; path = SecondViewController.swift; sourceTree = "<group>"; };
		9177A4D028D4729A00783B64 /* UIImage+Ext.swift */ = {isa = PBXFileReference; lastKnownFileType = sourcecode.swift; path = "UIImage+Ext.swift"; sourceTree = "<group>"; };
		918A02CE28D455F3006581AA /* UItableViewAssignment1.1_kritica.app */ = {isa = PBXFileReference; explicitFileType = wrapper.application; includeInIndex = 0; path = UItableViewAssignment1.1_kritica.app; sourceTree = BUILT_PRODUCTS_DIR; };
		918A02D128D455F3006581AA /* AppDelegate.swift */ = {isa = PBXFileReference; lastKnownFileType = sourcecode.swift; path = AppDelegate.swift; sourceTree = "<group>"; };
		918A02D328D455F3006581AA /* SceneDelegate.swift */ = {isa = PBXFileReference; lastKnownFileType = sourcecode.swift; path = SceneDelegate.swift; sourceTree = "<group>"; };
		918A02D528D455F3006581AA /* ViewController.swift */ = {isa = PBXFileReference; lastKnownFileType = sourcecode.swift; path = ViewController.swift; sourceTree = "<group>"; };
		918A02D828D455F3006581AA /* Base */ = {isa = PBXFileReference; lastKnownFileType = file.storyboard; name = Base; path = Base.lproj/Main.storyboard; sourceTree = "<group>"; };
		918A02DA28D455F6006581AA /* Assets.xcassets */ = {isa = PBXFileReference; lastKnownFileType = folder.assetcatalog; path = Assets.xcassets; sourceTree = "<group>"; };
		918A02DD28D455F6006581AA /* Base */ = {isa = PBXFileReference; lastKnownFileType = file.storyboard; name = Base; path = Base.lproj/LaunchScreen.storyboard; sourceTree = "<group>"; };
		918A02DF28D455F6006581AA /* Info.plist */ = {isa = PBXFileReference; lastKnownFileType = text.plist.xml; path = Info.plist; sourceTree = "<group>"; };
/* End PBXFileReference section */

/* Begin PBXFrameworksBuildPhase section */
		918A02CB28D455F3006581AA /* Frameworks */ = {
			isa = PBXFrameworksBuildPhase;
			buildActionMask = 2147483647;
			files = (
			);
			runOnlyForDeploymentPostprocessing = 0;
		};
/* End PBXFrameworksBuildPhase section */

/* Begin PBXGroup section */
		9177A4CF28D4728300783B64 /* Extension */ = {
			isa = PBXGroup;
			children = (
				9177A4D028D4729A00783B64 /* UIImage+Ext.swift */,
			);
			path = Extension;
			sourceTree = "<group>";
		};
		918A02C528D455F3006581AA = {
			isa = PBXGroup;
			children = (
				918A02D028D455F3006581AA /* UItableViewAssignment1.1_kritica */,
				918A02CF28D455F3006581AA /* Products */,
			);
			sourceTree = "<group>";
		};
		918A02CF28D455F3006581AA /* Products */ = {
			isa = PBXGroup;
			children = (
				918A02CE28D455F3006581AA /* UItableViewAssignment1.1_kritica.app */,
			);
			name = Products;
			sourceTree = "<group>";
		};
		918A02D028D455F3006581AA /* UItableViewAssignment1.1_kritica */ = {
			isa = PBXGroup;
			children = (
				9177A4CF28D4728300783B64 /* Extension */,
				918A02D128D455F3006581AA /* AppDelegate.swift */,
				918A02D328D455F3006581AA /* SceneDelegate.swift */,
				918A02D528D455F3006581AA /* ViewController.swift */,
				918A02D728D455F3006581AA /* Main.storyboard */,
				918A02DA28D455F6006581AA /* Assets.xcassets */,
				918A02DC28D455F6006581AA /* LaunchScreen.storyboard */,
				918A02DF28D455F6006581AA /* Info.plist */,
				9177A4C828D45D1100783B64 /* CustomTableViewCell.swift */,
				9177A4CD28D463EC00783B64 /* SecondViewController.swift */,
			);
			path = UItableViewAssignment1.1_kritica;
			sourceTree = "<group>";
		};
/* End PBXGroup section */

/* Begin PBXNativeTarget section */
		918A02CD28D455F3006581AA /* UItableViewAssignment1.1_kritica */ = {
			isa = PBXNativeTarget;
			buildConfigurationList = 918A02E228D455F6006581AA /* Build configuration list for PBXNativeTarget "UItableViewAssignment1.1_kritica" */;
			buildPhases = (
				918A02CA28D455F3006581AA /* Sources */,
				918A02CB28D455F3006581AA /* Frameworks */,
				918A02CC28D455F3006581AA /* Resources */,
			);
			buildRules = (
			);
			dependencies = (
			);
			name = UItableViewAssignment1.1_kritica;
			productName = UItableViewAssignment1.1_kritica;
			productReference = 918A02CE28D455F3006581AA /* UItableViewAssignment1.1_kritica.app */;
			productType = "com.apple.product-type.application";
		};
/* End PBXNativeTarget section */

/* Begin PBXProject section */
		918A02C628D455F3006581AA /* Project object */ = {
			isa = PBXProject;
			attributes = {
				BuildIndependentTargetsInParallel = 1;
				LastSwiftUpdateCheck = 1340;
				LastUpgradeCheck = 1340;
				TargetAttributes = {
					918A02CD28D455F3006581AA = {
						CreatedOnToolsVersion = 13.4.1;
					};
				};
			};
			buildConfigurationList = 918A02C928D455F3006581AA /* Build configuration list for PBXProject "UItableViewAssignment1.1_kritica" */;
			compatibilityVersion = "Xcode 13.0";
			developmentRegion = en;
			hasScannedForEncodings = 0;
			knownRegions = (
				en,
				Base,
			);
			mainGroup = 918A02C528D455F3006581AA;
			productRefGroup = 918A02CF28D455F3006581AA /* Products */;
			projectDirPath = "";
			projectRoot = "";
			targets = (
				918A02CD28D455F3006581AA /* UItableViewAssignment1.1_kritica */,
			);
		};
/* End PBXProject section */

/* Begin PBXResourcesBuildPhase section */
		918A02CC28D455F3006581AA /* Resources */ = {
			isa = PBXResourcesBuildPhase;
			buildActionMask = 2147483647;
			files = (
				918A02DE28D455F6006581AA /* LaunchScreen.storyboard in Resources */,
				918A02DB28D455F6006581AA /* Assets.xcassets in Resources */,
				918A02D928D455F3006581AA /* Main.storyboard in Resources */,
			);
			runOnlyForDeploymentPostprocessing = 0;
		};
/* End PBXResourcesBuildPhase section */

/* Begin PBXSourcesBuildPhase section */
		918A02CA28D455F3006581AA /* Sources */ = {
			isa = PBXSourcesBuildPhase;
			buildActionMask = 2147483647;
			files = (
				9177A4CE28D463EC00783B64 /* SecondViewController.swift in Sources */,
				918A02D628D455F3006581AA /* ViewController.swift in Sources */,
				918A02D228D455F3006581AA /* AppDelegate.swift in Sources */,
				9177A4D128D4729A00783B64 /* UIImage+Ext.swift in Sources */,
				9177A4C928D45D1100783B64 /* CustomTableViewCell.swift in Sources */,
				918A02D428D455F3006581AA /* SceneDelegate.swift in Sources */,
			);
			runOnlyForDeploymentPostprocessing = 0;
		};
/* End PBXSourcesBuildPhase section */

/* Begin PBXVariantGroup section */
		918A02D728D455F3006581AA /* Main.storyboard */ = {
			isa = PBXVariantGroup;
			children = (
				918A02D828D455F3006581AA /* Base */,
			);
			name = Main.storyboard;
			sourceTree = "<group>";
		};
		918A02DC28D455F6006581AA /* LaunchScreen.storyboard */ = {
			isa = PBXVariantGroup;
			children = (
				918A02DD28D455F6006581AA /* Base */,
			);
			name = LaunchScreen.storyboard;
			sourceTree = "<group>";
		};
/* End PBXVariantGroup section */

/* Begin XCBuildConfiguration section */
		918A02E028D455F6006581AA /* Debug */ = {
			isa = XCBuildConfiguration;
			buildSettings = {
				ALWAYS_SEARCH_USER_PATHS = NO;
				CLANG_ANALYZER_NONNULL = YES;
				CLANG_ANALYZER_NUMBER_OBJECT_CONVERSION = YES_AGGRESSIVE;
				CLANG_CXX_LANGUAGE_STANDARD = "gnu++17";
				CLANG_ENABLE_MODULES = YES;
				CLANG_ENABLE_OBJC_ARC = YES;
				CLANG_ENABLE_OBJC_WEAK = YES;
				CLANG_WARN_BLOCK_CAPTURE_AUTORELEASING = YES;
				CLANG_WARN_BOOL_CONVERSION = YES;
				CLANG_WARN_COMMA = YES;
				CLANG_WARN_CONSTANT_CONVERSION = YES;
				CLANG_WARN_DEPRECATED_OBJC_IMPLEMENTATIONS = YES;
				CLANG_WARN_DIRECT_OBJC_ISA_USAGE = YES_ERROR;
				CLANG_WARN_DOCUMENTATION_COMMENTS = YES;
				CLANG_WARN_EMPTY_BODY = YES;
				CLANG_WARN_ENUM_CONVERSION = YES;
				CLANG_WARN_INFINITE_RECURSION = YES;
				CLANG_WARN_INT_CONVERSION = YES;
				CLANG_WARN_NON_LITERAL_NULL_CONVERSION = YES;
				CLANG_WARN_OBJC_IMPLICIT_RETAIN_SELF = YES;
				CLANG_WARN_OBJC_LITERAL_CONVERSION = YES;
				CLANG_WARN_OBJC_ROOT_CLASS = YES_ERROR;
				CLANG_WARN_QUOTED_INCLUDE_IN_FRAMEWORK_HEADER = YES;
				CLANG_WARN_RANGE_LOOP_ANALYSIS = YES;
				CLANG_WARN_STRICT_PROTOTYPES = YES;
				CLANG_WARN_SUSPICIOUS_MOVE = YES;
				CLANG_WARN_UNGUARDED_AVAILABILITY = YES_AGGRESSIVE;
				CLANG_WARN_UNREACHABLE_CODE = YES;
				CLANG_WARN__DUPLICATE_METHOD_MATCH = YES;
				COPY_PHASE_STRIP = NO;
				DEBUG_INFORMATION_FORMAT = dwarf;
				ENABLE_STRICT_OBJC_MSGSEND = YES;
				ENABLE_TESTABILITY = YES;
				GCC_C_LANGUAGE_STANDARD = gnu11;
				GCC_DYNAMIC_NO_PIC = NO;
				GCC_NO_COMMON_BLOCKS = YES;
				GCC_OPTIMIZATION_LEVEL = 0;
				GCC_PREPROCESSOR_DEFINITIONS = (
					"DEBUG=1",
					"$(inherited)",
				);
				GCC_WARN_64_TO_32_BIT_CONVERSION = YES;
				GCC_WARN_ABOUT_RETURN_TYPE = YES_ERROR;
				GCC_WARN_UNDECLARED_SELECTOR = YES;
				GCC_WARN_UNINITIALIZED_AUTOS = YES_AGGRESSIVE;
				GCC_WARN_UNUSED_FUNCTION = YES;
				GCC_WARN_UNUSED_VARIABLE = YES;
				IPHONEOS_DEPLOYMENT_TARGET = 15.5;
				MTL_ENABLE_DEBUG_INFO = INCLUDE_SOURCE;
				MTL_FAST_MATH = YES;
				ONLY_ACTIVE_ARCH = YES;
				SDKROOT = iphoneos;
				SWIFT_ACTIVE_COMPILATION_CONDITIONS = DEBUG;
				SWIFT_OPTIMIZATION_LEVEL = "-Onone";
			};
			name = Debug;
		};
		918A02E128D455F6006581AA /* Release */ = {
			isa = XCBuildConfiguration;
			buildSettings = {
				ALWAYS_SEARCH_USER_PATHS = NO;
				CLANG_ANALYZER_NONNULL = YES;
				CLANG_ANALYZER_NUMBER_OBJECT_CONVERSION = YES_AGGRESSIVE;
				CLANG_CXX_LANGUAGE_STANDARD = "gnu++17";
				CLANG_ENABLE_MODULES = YES;
				CLANG_ENABLE_OBJC_ARC = YES;
				CLANG_ENABLE_OBJC_WEAK = YES;
				CLANG_WARN_BLOCK_CAPTURE_AUTORELEASING = YES;
				CLANG_WARN_BOOL_CONVERSION = YES;
				CLANG_WARN_COMMA = YES;
				CLANG_WARN_CONSTANT_CONVERSION = YES;
				CLANG_WARN_DEPRECATED_OBJC_IMPLEMENTATIONS = YES;
				CLANG_WARN_DIRECT_OBJC_ISA_USAGE = YES_ERROR;
				CLANG_WARN_DOCUMENTATION_COMMENTS = YES;
				CLANG_WARN_EMPTY_BODY = YES;
				CLANG_WARN_ENUM_CONVERSION = YES;
				CLANG_WARN_INFINITE_RECURSION = YES;
				CLANG_WARN_INT_CONVERSION = YES;
				CLANG_WARN_NON_LITERAL_NULL_CONVERSION = YES;
				CLANG_WARN_OBJC_IMPLICIT_RETAIN_SELF = YES;
				CLANG_WARN_OBJC_LITERAL_CONVERSION = YES;
				CLANG_WARN_OBJC_ROOT_CLASS = YES_ERROR;
				CLANG_WARN_QUOTED_INCLUDE_IN_FRAMEWORK_HEADER = YES;
				CLANG_WARN_RANGE_LOOP_ANALYSIS = YES;
				CLANG_WARN_STRICT_PROTOTYPES = YES;
				CLANG_WARN_SUSPICIOUS_MOVE = YES;
				CLANG_WARN_UNGUARDED_AVAILABILITY = YES_AGGRESSIVE;
				CLANG_WARN_UNREACHABLE_CODE = YES;
				CLANG_WARN__DUPLICATE_METHOD_MATCH = YES;
				COPY_PHASE_STRIP = NO;
				DEBUG_INFORMATION_FORMAT = "dwarf-with-dsym";
				ENABLE_NS_ASSERTIONS = NO;
				ENABLE_STRICT_OBJC_MSGSEND = YES;
				GCC_C_LANGUAGE_STANDARD = gnu11;
				GCC_NO_COMMON_BLOCKS = YES;
				GCC_WARN_64_TO_32_BIT_CONVERSION = YES;
				GCC_WARN_ABOUT_RETURN_TYPE = YES_ERROR;
				GCC_WARN_UNDECLARED_SELECTOR = YES;
				GCC_WARN_UNINITIALIZED_AUTOS = YES_AGGRESSIVE;
				GCC_WARN_UNUSED_FUNCTION = YES;
				GCC_WARN_UNUSED_VARIABLE = YES;
				IPHONEOS_DEPLOYMENT_TARGET = 15.5;
				MTL_ENABLE_DEBUG_INFO = NO;
				MTL_FAST_MATH = YES;
				SDKROOT = iphoneos;
				SWIFT_COMPILATION_MODE = wholemodule;
				SWIFT_OPTIMIZATION_LEVEL = "-O";
				VALIDATE_PRODUCT = YES;
			};
			name = Release;
		};
		918A02E328D455F6006581AA /* Debug */ = {
			isa = XCBuildConfiguration;
			buildSettings = {
				ASSETCATALOG_COMPILER_APPICON_NAME = AppIcon;
				ASSETCATALOG_COMPILER_GLOBAL_ACCENT_COLOR_NAME = AccentColor;
				CODE_SIGN_STYLE = Automatic;
				CURRENT_PROJECT_VERSION = 1;
				DEVELOPMENT_TEAM = GCJ9CZAJR6;
				GENERATE_INFOPLIST_FILE = YES;
				INFOPLIST_FILE = UItableViewAssignment1.1_kritica/Info.plist;
				INFOPLIST_KEY_UIApplicationSupportsIndirectInputEvents = YES;
				INFOPLIST_KEY_UILaunchStoryboardName = LaunchScreen;
				INFOPLIST_KEY_UIMainStoryboardFile = Main;
				INFOPLIST_KEY_UISupportedInterfaceOrientations_iPad = "UIInterfaceOrientationPortrait UIInterfaceOrientationPortraitUpsideDown UIInterfaceOrientationLandscapeLeft UIInterfaceOrientationLandscapeRight";
				INFOPLIST_KEY_UISupportedInterfaceOrientations_iPhone = "UIInterfaceOrientationPortrait UIInterfaceOrientationLandscapeLeft UIInterfaceOrientationLandscapeRight";
				LD_RUNPATH_SEARCH_PATHS = (
					"$(inherited)",
					"@executable_path/Frameworks",
				);
				MARKETING_VERSION = 1.0;
				PRODUCT_BUNDLE_IDENTIFIER = "com.krishk.UItableViewAssignment1-1-kritica";
				PRODUCT_NAME = "$(TARGET_NAME)";
				SWIFT_EMIT_LOC_STRINGS = YES;
				SWIFT_VERSION = 5.0;
				TARGETED_DEVICE_FAMILY = "1,2";
			};
			name = Debug;
		};
		918A02E428D455F6006581AA /* Release */ = {
			isa = XCBuildConfiguration;
			buildSettings = {
				ASSETCATALOG_COMPILER_APPICON_NAME = AppIcon;
				ASSETCATALOG_COMPILER_GLOBAL_ACCENT_COLOR_NAME = AccentColor;
				CODE_SIGN_STYLE = Automatic;
				CURRENT_PROJECT_VERSION = 1;
				DEVELOPMENT_TEAM = GCJ9CZAJR6;
				GENERATE_INFOPLIST_FILE = YES;
				INFOPLIST_FILE = UItableViewAssignment1.1_kritica/Info.plist;
				INFOPLIST_KEY_UIApplicationSupportsIndirectInputEvents = YES;
				INFOPLIST_KEY_UILaunchStoryboardName = LaunchScreen;
				INFOPLIST_KEY_UIMainStoryboardFile = Main;
				INFOPLIST_KEY_UISupportedInterfaceOrientations_iPad = "UIInterfaceOrientationPortrait UIInterfaceOrientationPortraitUpsideDown UIInterfaceOrientationLandscapeLeft UIInterfaceOrientationLandscapeRight";
				INFOPLIST_KEY_UISupportedInterfaceOrientations_iPhone = "UIInterfaceOrientationPortrait UIInterfaceOrientationLandscapeLeft UIInterfaceOrientationLandscapeRight";
				LD_RUNPATH_SEARCH_PATHS = (
					"$(inherited)",
					"@executable_path/Frameworks",
				);
				MARKETING_VERSION = 1.0;
				PRODUCT_BUNDLE_IDENTIFIER = "com.krishk.UItableViewAssignment1-1-kritica";
				PRODUCT_NAME = "$(TARGET_NAME)";
				SWIFT_EMIT_LOC_STRINGS = YES;
				SWIFT_VERSION = 5.0;
				TARGETED_DEVICE_FAMILY = "1,2";
			};
			name = Release;
		};
/* End XCBuildConfiguration section */

/* Begin XCConfigurationList section */
		918A02C928D455F3006581AA /* Build configuration list for PBXProject "UItableViewAssignment1.1_kritica" */ = {
			isa = XCConfigurationList;
			buildConfigurations = (
				918A02E028D455F6006581AA /* Debug */,
				918A02E128D455F6006581AA /* Release */,
			);
			defaultConfigurationIsVisible = 0;
			defaultConfigurationName = Release;
		};
		918A02E228D455F6006581AA /* Build configuration list for PBXNativeTarget "UItableViewAssignment1.1_kritica" */ = {
			isa = XCConfigurationList;
			buildConfigurations = (
				918A02E328D455F6006581AA /* Debug */,
				918A02E428D455F6006581AA /* Release */,
			);
			defaultConfigurationIsVisible = 0;
			defaultConfigurationName = Release;
		};
/* End XCConfigurationList section */
	};
	rootObject = 918A02C628D455F3006581AA /* Project object */;
}
